
Microsoft Visual Studio Solution File, Format Version 11.00
# Visual Studio 2010
Project("{FAE04EC0-301F-11D3-BF4B-00C04F79EFBC}") = "GameStudioFinalProject_merged", "Assembly-CSharp-firstpass.csproj", "{8AED748F-0E38-78A1-6A13-030873B6E2BE}"
EndProject
Project("{FAE04EC0-301F-11D3-BF4B-00C04F79EFBC}") = "GameStudioFinalProject_merged", "Assembly-CSharp.csproj", "{6E237F3D-F8F3-7A86-151D-9536A0C58EA1}"
EndProject
Project("{FAE04EC0-301F-11D3-BF4B-00C04F79EFBC}") = "GameStudioFinalProject_merged", "Assembly-CSharp-Editor.csproj", "{774289AE-4EB1-6EDA-A632-F70ACF556A66}"
EndProject
Global
	GlobalSection(SolutionConfigurationPlatforms) = preSolution
		Debug|Any CPU = Debug|Any CPU
		Release|Any CPU = Release|Any CPU
	EndGlobalSection
	GlobalSection(ProjectConfigurationPlatforms) = postSolution
		{8AED748F-0E38-78A1-6A13-030873B6E2BE}.Debug|Any CPU.ActiveCfg = Debug|Any CPU
		{8AED748F-0E38-78A1-6A13-030873B6E2BE}.Debug|Any CPU.Build.0 = Debug|Any CPU
		{8AED748F-0E38-78A1-6A13-030873B6E2BE}.Release|Any CPU.ActiveCfg = Release|Any CPU
		{8AED748F-0E38-78A1-6A13-030873B6E2BE}.Release|Any CPU.Build.0 = Release|Any CPU
		{6E237F3D-F8F3-7A86-151D-9536A0C58EA1}.Debug|Any CPU.ActiveCfg = Debug|Any CPU
		{6E237F3D-F8F3-7A86-151D-9536A0C58EA1}.Debug|Any CPU.Build.0 = Debug|Any CPU
		{6E237F3D-F8F3-7A86-151D-9536A0C58EA1}.Release|Any CPU.ActiveCfg = Release|Any CPU
		{6E237F3D-F8F3-7A86-151D-9536A0C58EA1}.Release|Any CPU.Build.0 = Release|Any CPU
		{774289AE-4EB1-6EDA-A632-F70ACF556A66}.Debug|Any CPU.ActiveCfg = Debug|Any CPU
		{774289AE-4EB1-6EDA-A632-F70ACF556A66}.Debug|Any CPU.Build.0 = Debug|Any CPU
		{774289AE-4EB1-6EDA-A632-F70ACF556A66}.Release|Any CPU.ActiveCfg = Release|Any CPU
		{774289AE-4EB1-6EDA-A632-F70ACF556A66}.Release|Any CPU.Build.0 = Release|Any CPU
	EndGlobalSection
	GlobalSection(SolutionProperties) = preSolution
		HideSolutionNode = FALSE
	EndGlobalSection
	GlobalSection(MonoDevelopProperties) = preSolution
		StartupItem = Assembly-CSharp.csproj
	EndGlobalSection
EndGlobal
